{
  "name": "liquid-glass-controls-quickstart",
  "version": "1.0.0",
  "lockfileVersion": 3,
  "requires": true,
  "packages": {
    "": {
      "name": "liquid-glass-controls-quickstart",
      "version": "1.0.0",
      "dependencies": {
        "apple-liquid-glass-webgl": "file:../.."
      }
    },
    "../..": {
      "name": "apple-liquid-glass-webgl",
      "version": "2.2.0",
      "license": "MIT",
      "devDependencies": {
        "playwright": "^1.49.0"
      },
      "engines": {
        "node": ">=18"
      }
    },
    "node_modules/apple-liquid-glass-webgl": {
      "resolved": "../..",
      "link": true
    }
  }
}
